
Microsoft Visual Studio Solution File, Format Version 11.00
# Visual Studio 2010
Project("{FAE04EC0-301F-11D3-BF4B-00C04F79EFBC}") = "Assignment03", "Assembly-CSharp.csproj", "{068D8F4C-1059-7DFA-FAB8-4277276AD568}"
EndProject
Global
	GlobalSection(SolutionConfigurationPlatforms) = preSolution
		Debug|Any CPU = Debug|Any CPU
		Release|Any CPU = Release|Any CPU
	EndGlobalSection
	GlobalSection(ProjectConfigurationPlatforms) = postSolution
		{068D8F4C-1059-7DFA-FAB8-4277276AD568}.Debug|Any CPU.ActiveCfg = Debug|Any CPU
		{068D8F4C-1059-7DFA-FAB8-4277276AD568}.Debug|Any CPU.Build.0 = Debug|Any CPU
		{068D8F4C-1059-7DFA-FAB8-4277276AD568}.Release|Any CPU.ActiveCfg = Release|Any CPU
		{068D8F4C-1059-7DFA-FAB8-4277276AD568}.Release|Any CPU.Build.0 = Release|Any CPU
	EndGlobalSection
	GlobalSection(SolutionProperties) = preSolution
		HideSolutionNode = FALSE
	EndGlobalSection
	GlobalSection(MonoDevelopProperties) = preSolution
		StartupItem = Assembly-CSharp.csproj
	EndGlobalSection
EndGlobal
